{
  "name": "smartytour",
  "version": "1.0.0",
  "lockfileVersion": 1,
  "requires": true,
  "dependencies": {
    "abab": {
      "version": "2.0.5",
      "resolved": "https://registry.npmjs.org/abab/-/abab-2.0.5.tgz",
      "integrity": "sha512-9IK9EadsbHo6jLWIpxpR6pL0sazTXV6+SQv25ZB+F7Bj9mJNaOc4nCRabwd5M/JwmUa8idz6Eci6eKfJryPs6Q=="
    },
    "jpeg-js": {
      "version": "0.4.3",
      "resolved": "https://registry.npmjs.org/jpeg-js/-/jpeg-js-0.4.3.tgz",
      "integrity": "sha512-ru1HWKek8octvUHFHvE5ZzQ1yAsJmIvRdGWvSoKV52XKyuyYA437QWDttXT8eZXDSbuMpHlLzPDZUPd6idIz+Q=="
    },
    "threejs-miniprogram": {
      "version": "0.0.6",
      "resolved": "https://registry.npmjs.org/threejs-miniprogram/-/threejs-miniprogram-0.0.6.tgz",
      "integrity": "sha512-OOXZ9f9oQSCAT4BG3zRhwl7DuXlXBm1eqq5Ne07EVTIkNeB7TqI5v8+xv0q6tiSW8yjZM6yWB8ZJ5kq2xSOZWg==",
      "requires": {
        "abab": "^2.0.3"
      }
    }
  }
}
